
Microsoft Visual Studio Solution File, Format Version 12.00
# Visual Studio Version 16
VisualStudioVersion = 16.0.30011.22
MinimumVisualStudioVersion = 10.0.40219.1
Project("{FAE04EC0-301F-11D3-BF4B-00C04F79EFBC}") = "Flip", "Flip\Flip.csproj", "{FDE1E2AA-F154-4C9A-9651-B00FB10D511D}"
EndProject
Global
	GlobalSection(SolutionConfigurationPlatforms) = preSolution
		Debug|Any CPU = Debug|Any CPU
		Release|Any CPU = Release|Any CPU
	EndGlobalSection
	GlobalSection(ProjectConfigurationPlatforms) = postSolution
		{FDE1E2AA-F154-4C9A-9651-B00FB10D511D}.Debug|Any CPU.ActiveCfg = Debug|Any CPU
		{FDE1E2AA-F154-4C9A-9651-B00FB10D511D}.Debug|Any CPU.Build.0 = Debug|Any CPU
		{FDE1E2AA-F154-4C9A-9651-B00FB10D511D}.Release|Any CPU.ActiveCfg = Release|Any CPU
		{FDE1E2AA-F154-4C9A-9651-B00FB10D511D}.Release|Any CPU.Build.0 = Release|Any CPU
	EndGlobalSection
	GlobalSection(SolutionProperties) = preSolution
		HideSolutionNode = FALSE
	EndGlobalSection
	GlobalSection(ExtensibilityGlobals) = postSolution
		SolutionGuid = {2E0DA9C4-ADC6-48B7-A721-370E92017FB4}
	EndGlobalSection
EndGlobal
